Microsoft Visual Studio Solution File, Format Version 12.00
# Visual Studio Version 17
VisualStudioVersion = 17.5.2.0
MinimumVisualStudioVersion = 10.0.40219.1
Project("{2150E333-8FDC-42A3-9474-1A3956D46DE8}") = "windows", "windows", "{AF50D07C-CBCD-524F-DB50-1B7C7AC32620}"
EndProject
Project("{FAE04EC0-301F-11D3-BF4B-00C04F79EFBC}") = "gofer-wrapper", "windows\gofer-wrapper\gofer-wrapper.csproj", "{90997773-4C5E-08D3-87DD-03E2C94086C7}"
EndProject
Global
	GlobalSection(SolutionConfigurationPlatforms) = preSolution
		Debug|Any CPU = Debug|Any CPU
		Release|Any CPU = Release|Any CPU
	EndGlobalSection
	GlobalSection(ProjectConfigurationPlatforms) = postSolution
		{90997773-4C5E-08D3-87DD-03E2C94086C7}.Debug|Any CPU.ActiveCfg = Debug|Any CPU
		{90997773-4C5E-08D3-87DD-03E2C94086C7}.Debug|Any CPU.Build.0 = Debug|Any CPU
		{90997773-4C5E-08D3-87DD-03E2C94086C7}.Release|Any CPU.ActiveCfg = Release|Any CPU
		{90997773-4C5E-08D3-87DD-03E2C94086C7}.Release|Any CPU.Build.0 = Release|Any CPU
	EndGlobalSection
	GlobalSection(SolutionProperties) = preSolution
		HideSolutionNode = FALSE
	EndGlobalSection
	GlobalSection(NestedProjects) = preSolution
		{90997773-4C5E-08D3-87DD-03E2C94086C7} = {AF50D07C-CBCD-524F-DB50-1B7C7AC32620}
	EndGlobalSection
	GlobalSection(ExtensibilityGlobals) = postSolution
		SolutionGuid = {E31B47D9-D8A8-4654-AAAA-04B56B3BB5A4}
	EndGlobalSection
EndGlobal
